// !$*UTF8*$!
{
	archiveVersion = 1;
	classes = {
	};
	objectVersion = 50;
	objects = {

/* Begin PBXBuildFile section */
		CFD67A6027D8FB22001B2276 /* CookcademyApp.swift in Sources */ = {isa = PBXBuildFile; fileRef = CFD67A5F27D8FB22001B2276 /* CookcademyApp.swift */; };
		CFD67A6227D8FB22001B2276 /* RecipesListView.swift in Sources */ = {isa = PBXBuildFile; fileRef = CFD67A6127D8FB22001B2276 /* RecipesListView.swift */; };
		CFD67A6427D8FB22001B2276 /* Assets.xcassets in Resources */ = {isa = PBXBuildFile; fileRef = CFD67A6327D8FB22001B2276 /* Assets.xcassets */; };
		CFD67A6727D8FB22001B2276 /* Preview Assets.xcassets in Resources */ = {isa = PBXBuildFile; fileRef = CFD67A6627D8FB22001B2276 /* Preview Assets.xcassets */; };
		CFD67A7027D8FC3C001B2276 /* Recipe.swift in Sources */ = {isa = PBXBuildFile; fileRef = CFD67A6F27D8FC3C001B2276 /* Recipe.swift */; };
		ED433E0827DA4CA400C021D7 /* RecipeData.swift in Sources */ = {isa = PBXBuildFile; fileRef = ED433E0727DA4CA400C021D7 /* RecipeData.swift */; };
		ED433E0A27DA51D900C021D7 /* RecipeDetailView.swift in Sources */ = {isa = PBXBuildFile; fileRef = ED433E0927DA51D900C021D7 /* RecipeDetailView.swift */; };
		ED433E0C27DA92A500C021D7 /* AppColor.swift in Sources */ = {isa = PBXBuildFile; fileRef = ED433E0B27DA92A500C021D7 /* AppColor.swift */; };
		ED433E2827DE542C00C021D7 /* RecipeCategoryGridView.swift in Sources */ = {isa = PBXBuildFile; fileRef = ED433E2727DE542C00C021D7 /* RecipeCategoryGridView.swift */; };
/* End PBXBuildFile section */

/* Begin PBXFileReference section */
		CFD67A5C27D8FB22001B2276 /* Cookcademy.app */ = {isa = PBXFileReference; explicitFileType = wrapper.application; includeInIndex = 0; path = Cookcademy.app; sourceTree = BUILT_PRODUCTS_DIR; };
		CFD67A5F27D8FB22001B2276 /* CookcademyApp.swift */ = {isa = PBXFileReference; lastKnownFileType = sourcecode.swift; path = CookcademyApp.swift; sourceTree = "<group>"; };
		CFD67A6127D8FB22001B2276 /* RecipesListView.swift */ = {isa = PBXFileReference; lastKnownFileType = sourcecode.swift; path = RecipesListView.swift; sourceTree = "<group>"; };
		CFD67A6327D8FB22001B2276 /* Assets.xcassets */ = {isa = PBXFileReference; lastKnownFileType = folder.assetcatalog; path = Assets.xcassets; sourceTree = "<group>"; };
		CFD67A6627D8FB22001B2276 /* Preview Assets.xcassets */ = {isa = PBXFileReference; lastKnownFileType = folder.assetcatalog; path = "Preview Assets.xcassets"; sourceTree = "<group>"; };
		CFD67A6827D8FB22001B2276 /* Info.plist */ = {isa = PBXFileReference; lastKnownFileType = text.plist.xml; path = Info.plist; sourceTree = "<group>"; };
		CFD67A6F27D8FC3C001B2276 /* Recipe.swift */ = {isa = PBXFileReference; lastKnownFileType = sourcecode.swift; path = Recipe.swift; sourceTree = "<group>"; };
		ED433E0727DA4CA400C021D7 /* RecipeData.swift */ = {isa = PBXFileReference; lastKnownFileType = sourcecode.swift; path = RecipeData.swift; sourceTree = "<group>"; };
		ED433E0927DA51D900C021D7 /* RecipeDetailView.swift */ = {isa = PBXFileReference; lastKnownFileType = sourcecode.swift; path = RecipeDetailView.swift; sourceTree = "<group>"; };
		ED433E0B27DA92A500C021D7 /* AppColor.swift */ = {isa = PBXFileReference; lastKnownFileType = sourcecode.swift; path = AppColor.swift; sourceTree = "<group>"; };
		ED433E2727DE542C00C021D7 /* RecipeCategoryGridView.swift */ = {isa = PBXFileReference; lastKnownFileType = sourcecode.swift; path = RecipeCategoryGridView.swift; sourceTree = "<group>"; };
/* End PBXFileReference section */

/* Begin PBXFrameworksBuildPhase section */
		CFD67A5927D8FB22001B2276 /* Frameworks */ = {
			isa = PBXFrameworksBuildPhase;
			buildActionMask = 2147483647;
			files = (
			);
			runOnlyForDeploymentPostprocessing = 0;
		};
/* End PBXFrameworksBuildPhase section */

/* Begin PBXGroup section */
		CFD67A5327D8FB22001B2276 = {
			isa = PBXGroup;
			children = (
				CFD67A5E27D8FB22001B2276 /* Cookcademy */,
				CFD67A5D27D8FB22001B2276 /* Products */,
			);
			sourceTree = "<group>";
		};
		CFD67A5D27D8FB22001B2276 /* Products */ = {
			isa = PBXGroup;
			children = (
				CFD67A5C27D8FB22001B2276 /* Cookcademy.app */,
			);
			name = Products;
			sourceTree = "<group>";
		};
		CFD67A5E27D8FB22001B2276 /* Cookcademy */ = {
			isa = PBXGroup;
			children = (
				ED433E0627DA4A8300C021D7 /* ViewModels */,
				ED433E0527DA4A5A00C021D7 /* Models */,
				CFD67A5F27D8FB22001B2276 /* CookcademyApp.swift */,
				ED433E0327DA4A4B00C021D7 /* Views */,
				CFD67A6327D8FB22001B2276 /* Assets.xcassets */,
				CFD67A6827D8FB22001B2276 /* Info.plist */,
				CFD67A6527D8FB22001B2276 /* Preview Content */,
			);
			path = Cookcademy;
			sourceTree = "<group>";
		};
		CFD67A6527D8FB22001B2276 /* Preview Content */ = {
			isa = PBXGroup;
			children = (
				CFD67A6627D8FB22001B2276 /* Preview Assets.xcassets */,
			);
			path = "Preview Content";
			sourceTree = "<group>";
		};
		ED433E0327DA4A4B00C021D7 /* Views */ = {
			isa = PBXGroup;
			children = (
				ED7BEDC927E5121A00F0BED6 /* ModifyRecipes */,
				ED7BEDC827E5120000F0BED6 /* ExploreRecipes */,
			);
			path = Views;
			sourceTree = "<group>";
		};
		ED433E0527DA4A5A00C021D7 /* Models */ = {
			isa = PBXGroup;
			children = (
				CFD67A6F27D8FC3C001B2276 /* Recipe.swift */,
				ED433E0B27DA92A500C021D7 /* AppColor.swift */,
			);
			path = Models;
			sourceTree = "<group>";
		};
		ED433E0627DA4A8300C021D7 /* ViewModels */ = {
			isa = PBXGroup;
			children = (
				ED433E0727DA4CA400C021D7 /* RecipeData.swift */,
			);
			path = ViewModels;
			sourceTree = "<group>";
		};
		ED7BEDC827E5120000F0BED6 /* ExploreRecipes */ = {
			isa = PBXGroup;
			children = (
				CFD67A6127D8FB22001B2276 /* RecipesListView.swift */,
				ED433E2727DE542C00C021D7 /* RecipeCategoryGridView.swift */,
				ED433E0927DA51D900C021D7 /* RecipeDetailView.swift */,
			);
			path = ExploreRecipes;
			sourceTree = "<group>";
		};
		ED7BEDC927E5121A00F0BED6 /* ModifyRecipes */ = {
			isa = PBXGroup;
			children = (
			);
			path = ModifyRecipes;
			sourceTree = "<group>";
		};
/* End PBXGroup section */

/* Begin PBXNativeTarget section */
		CFD67A5B27D8FB22001B2276 /* Cookcademy */ = {
			isa = PBXNativeTarget;
			buildConfigurationList = CFD67A6B27D8FB22001B2276 /* Build configuration list for PBXNativeTarget "Cookcademy" */;
			buildPhases = (
				CFD67A5827D8FB22001B2276 /* Sources */,
				CFD67A5927D8FB22001B2276 /* Frameworks */,
				CFD67A5A27D8FB22001B2276 /* Resources */,
			);
			buildRules = (
			);
			dependencies = (
			);
			name = Cookcademy;
			productName = Cookcademy;
			productReference = CFD67A5C27D8FB22001B2276 /* Cookcademy.app */;
			productType = "com.apple.product-type.application";
		};
/* End PBXNativeTarget section */

/* Begin PBXProject section */
		CFD67A5427D8FB22001B2276 /* Project object */ = {
			isa = PBXProject;
			attributes = {
				LastSwiftUpdateCheck = 1240;
				LastUpgradeCheck = 1240;
				TargetAttributes = {
					CFD67A5B27D8FB22001B2276 = {
						CreatedOnToolsVersion = 12.4;
					};
				};
			};
			buildConfigurationList = CFD67A5727D8FB22001B2276 /* Build configuration list for PBXProject "Cookcademy" */;
			compatibilityVersion = "Xcode 9.3";
			developmentRegion = en;
			hasScannedForEncodings = 0;
			knownRegions = (
				en,
				Base,
			);
			mainGroup = CFD67A5327D8FB22001B2276;
			productRefGroup = CFD67A5D27D8FB22001B2276 /* Products */;
			projectDirPath = "";
			projectRoot = "";
			targets = (
				CFD67A5B27D8FB22001B2276 /* Cookcademy */,
			);
		};
/* End PBXProject section */

/* Begin PBXResourcesBuildPhase section */
		CFD67A5A27D8FB22001B2276 /* Resources */ = {
			isa = PBXResourcesBuildPhase;
			buildActionMask = 2147483647;
			files = (
				CFD67A6727D8FB22001B2276 /* Preview Assets.xcassets in Resources */,
				CFD67A6427D8FB22001B2276 /* Assets.xcassets in Resources */,
			);
			runOnlyForDeploymentPostprocessing = 0;
		};
/* End PBXResourcesBuildPhase section */

/* Begin PBXSourcesBuildPhase section */
		CFD67A5827D8FB22001B2276 /* Sources */ = {
			isa = PBXSourcesBuildPhase;
			buildActionMask = 2147483647;
			files = (
				CFD67A7027D8FC3C001B2276 /* Recipe.swift in Sources */,
				ED433E0A27DA51D900C021D7 /* RecipeDetailView.swift in Sources */,
				ED433E2827DE542C00C021D7 /* RecipeCategoryGridView.swift in Sources */,
				ED433E0827DA4CA400C021D7 /* RecipeData.swift in Sources */,
				CFD67A6227D8FB22001B2276 /* RecipesListView.swift in Sources */,
				CFD67A6027D8FB22001B2276 /* CookcademyApp.swift in Sources */,
				ED433E0C27DA92A500C021D7 /* AppColor.swift in Sources */,
			);
			runOnlyForDeploymentPostprocessing = 0;
		};
/* End PBXSourcesBuildPhase section */

/* Begin XCBuildConfiguration section */
		CFD67A6927D8FB22001B2276 /* Debug */ = {
			isa = XCBuildConfiguration;
			buildSettings = {
				ALWAYS_SEARCH_USER_PATHS = NO;
				CLANG_ANALYZER_NONNULL = YES;
				CLANG_ANALYZER_NUMBER_OBJECT_CONVERSION = YES_AGGRESSIVE;
				CLANG_CXX_LANGUAGE_STANDARD = "gnu++14";
				CLANG_CXX_LIBRARY = "libc++";
				CLANG_ENABLE_MODULES = YES;
				CLANG_ENABLE_OBJC_ARC = YES;
				CLANG_ENABLE_OBJC_WEAK = YES;
				CLANG_WARN_BLOCK_CAPTURE_AUTORELEASING = YES;
				CLANG_WARN_BOOL_CONVERSION = YES;
				CLANG_WARN_COMMA = YES;
				CLANG_WARN_CONSTANT_CONVERSION = YES;
				CLANG_WARN_DEPRECATED_OBJC_IMPLEMENTATIONS = YES;
				CLANG_WARN_DIRECT_OBJC_ISA_USAGE = YES_ERROR;
				CLANG_WARN_DOCUMENTATION_COMMENTS = YES;
				CLANG_WARN_EMPTY_BODY = YES;
				CLANG_WARN_ENUM_CONVERSION = YES;
				CLANG_WARN_INFINITE_RECURSION = YES;
				CLANG_WARN_INT_CONVERSION = YES;
				CLANG_WARN_NON_LITERAL_NULL_CONVERSION = YES;
				CLANG_WARN_OBJC_IMPLICIT_RETAIN_SELF = YES;
				CLANG_WARN_OBJC_LITERAL_CONVERSION = YES;
				CLANG_WARN_OBJC_ROOT_CLASS = YES_ERROR;
				CLANG_WARN_QUOTED_INCLUDE_IN_FRAMEWORK_HEADER = YES;
				CLANG_WARN_RANGE_LOOP_ANALYSIS = YES;
				CLANG_WARN_STRICT_PROTOTYPES = YES;
				CLANG_WARN_SUSPICIOUS_MOVE = YES;
				CLANG_WARN_UNGUARDED_AVAILABILITY = YES_AGGRESSIVE;
				CLANG_WARN_UNREACHABLE_CODE = YES;
				CLANG_WARN__DUPLICATE_METHOD_MATCH = YES;
				COPY_PHASE_STRIP = NO;
				DEBUG_INFORMATION_FORMAT = dwarf;
				ENABLE_STRICT_OBJC_MSGSEND = YES;
				ENABLE_TESTABILITY = YES;
				GCC_C_LANGUAGE_STANDARD = gnu11;
				GCC_DYNAMIC_NO_PIC = NO;
				GCC_NO_COMMON_BLOCKS = YES;
				GCC_OPTIMIZATION_LEVEL = 0;
				GCC_PREPROCESSOR_DEFINITIONS = (
					"DEBUG=1",
					"$(inherited)",
				);
				GCC_WARN_64_TO_32_BIT_CONVERSION = YES;
				GCC_WARN_ABOUT_RETURN_TYPE = YES_ERROR;
				GCC_WARN_UNDECLARED_SELECTOR = YES;
				GCC_WARN_UNINITIALIZED_AUTOS = YES_AGGRESSIVE;
				GCC_WARN_UNUSED_FUNCTION = YES;
				GCC_WARN_UNUSED_VARIABLE = YES;
				IPHONEOS_DEPLOYMENT_TARGET = 14.4;
				MTL_ENABLE_DEBUG_INFO = INCLUDE_SOURCE;
				MTL_FAST_MATH = YES;
				ONLY_ACTIVE_ARCH = YES;
				SDKROOT = iphoneos;
				SWIFT_ACTIVE_COMPILATION_CONDITIONS = DEBUG;
				SWIFT_OPTIMIZATION_LEVEL = "-Onone";
			};
			name = Debug;
		};
		CFD67A6A27D8FB22001B2276 /* Release */ = {
			isa = XCBuildConfiguration;
			buildSettings = {
				ALWAYS_SEARCH_USER_PATHS = NO;
				CLANG_ANALYZER_NONNULL = YES;
				CLANG_ANALYZER_NUMBER_OBJECT_CONVERSION = YES_AGGRESSIVE;
				CLANG_CXX_LANGUAGE_STANDARD = "gnu++14";
				CLANG_CXX_LIBRARY = "libc++";
				CLANG_ENABLE_MODULES = YES;
				CLANG_ENABLE_OBJC_ARC = YES;
				CLANG_ENABLE_OBJC_WEAK = YES;
				CLANG_WARN_BLOCK_CAPTURE_AUTORELEASING = YES;
				CLANG_WARN_BOOL_CONVERSION = YES;
				CLANG_WARN_COMMA = YES;
				CLANG_WARN_CONSTANT_CONVERSION = YES;
				CLANG_WARN_DEPRECATED_OBJC_IMPLEMENTATIONS = YES;
				CLANG_WARN_DIRECT_OBJC_ISA_USAGE = YES_ERROR;
				CLANG_WARN_DOCUMENTATION_COMMENTS = YES;
				CLANG_WARN_EMPTY_BODY = YES;
				CLANG_WARN_ENUM_CONVERSION = YES;
				CLANG_WARN_INFINITE_RECURSION = YES;
				CLANG_WARN_INT_CONVERSION = YES;
				CLANG_WARN_NON_LITERAL_NULL_CONVERSION = YES;
				CLANG_WARN_OBJC_IMPLICIT_RETAIN_SELF = YES;
				CLANG_WARN_OBJC_LITERAL_CONVERSION = YES;
				CLANG_WARN_OBJC_ROOT_CLASS = YES_ERROR;
				CLANG_WARN_QUOTED_INCLUDE_IN_FRAMEWORK_HEADER = YES;
				CLANG_WARN_RANGE_LOOP_ANALYSIS = YES;
				CLANG_WARN_STRICT_PROTOTYPES = YES;
				CLANG_WARN_SUSPICIOUS_MOVE = YES;
				CLANG_WARN_UNGUARDED_AVAILABILITY = YES_AGGRESSIVE;
				CLANG_WARN_UNREACHABLE_CODE = YES;
				CLANG_WARN__DUPLICATE_METHOD_MATCH = YES;
				COPY_PHASE_STRIP = NO;
				DEBUG_INFORMATION_FORMAT = "dwarf-with-dsym";
				ENABLE_NS_ASSERTIONS = NO;
				ENABLE_STRICT_OBJC_MSGSEND = YES;
				GCC_C_LANGUAGE_STANDARD = gnu11;
				GCC_NO_COMMON_BLOCKS = YES;
				GCC_WARN_64_TO_32_BIT_CONVERSION = YES;
				GCC_WARN_ABOUT_RETURN_TYPE = YES_ERROR;
				GCC_WARN_UNDECLARED_SELECTOR = YES;
				GCC_WARN_UNINITIALIZED_AUTOS = YES_AGGRESSIVE;
				GCC_WARN_UNUSED_FUNCTION = YES;
				GCC_WARN_UNUSED_VARIABLE = YES;
				IPHONEOS_DEPLOYMENT_TARGET = 14.4;
				MTL_ENABLE_DEBUG_INFO = NO;
				MTL_FAST_MATH = YES;
				SDKROOT = iphoneos;
				SWIFT_COMPILATION_MODE = wholemodule;
				SWIFT_OPTIMIZATION_LEVEL = "-O";
				VALIDATE_PRODUCT = YES;
			};
			name = Release;
		};
		CFD67A6C27D8FB22001B2276 /* Debug */ = {
			isa = XCBuildConfiguration;
			buildSettings = {
				ASSETCATALOG_COMPILER_APPICON_NAME = AppIcon;
				ASSETCATALOG_COMPILER_GLOBAL_ACCENT_COLOR_NAME = AccentColor;
				CODE_SIGN_STYLE = Automatic;
				DEVELOPMENT_ASSET_PATHS = "\"Cookcademy/Preview Content\"";
				DEVELOPMENT_TEAM = 9R2VD97LJ8;
				ENABLE_PREVIEWS = YES;
				INFOPLIST_FILE = Cookcademy/Info.plist;
				IPHONEOS_DEPLOYMENT_TARGET = 14.0;
				LD_RUNPATH_SEARCH_PATHS = (
					"$(inherited)",
					"@executable_path/Frameworks",
				);
				PRODUCT_BUNDLE_IDENTIFIER = joaomauricio.Cookcademy;
				PRODUCT_NAME = "$(TARGET_NAME)";
				SWIFT_VERSION = 5.0;
				TARGETED_DEVICE_FAMILY = "1,2";
			};
			name = Debug;
		};
		CFD67A6D27D8FB22001B2276 /* Release */ = {
			isa = XCBuildConfiguration;
			buildSettings = {
				ASSETCATALOG_COMPILER_APPICON_NAME = AppIcon;
				ASSETCATALOG_COMPILER_GLOBAL_ACCENT_COLOR_NAME = AccentColor;
				CODE_SIGN_STYLE = Automatic;
				DEVELOPMENT_ASSET_PATHS = "\"Cookcademy/Preview Content\"";
				DEVELOPMENT_TEAM = 9R2VD97LJ8;
				ENABLE_PREVIEWS = YES;
				INFOPLIST_FILE = Cookcademy/Info.plist;
				IPHONEOS_DEPLOYMENT_TARGET = 14.0;
				LD_RUNPATH_SEARCH_PATHS = (
					"$(inherited)",
					"@executable_path/Frameworks",
				);
				PRODUCT_BUNDLE_IDENTIFIER = joaomauricio.Cookcademy;
				PRODUCT_NAME = "$(TARGET_NAME)";
				SWIFT_VERSION = 5.0;
				TARGETED_DEVICE_FAMILY = "1,2";
			};
			name = Release;
		};
/* End XCBuildConfiguration section */

/* Begin XCConfigurationList section */
		CFD67A5727D8FB22001B2276 /* Build configuration list for PBXProject "Cookcademy" */ = {
			isa = XCConfigurationList;
			buildConfigurations = (
				CFD67A6927D8FB22001B2276 /* Debug */,
				CFD67A6A27D8FB22001B2276 /* Release */,
			);
			defaultConfigurationIsVisible = 0;
			defaultConfigurationName = Release;
		};
		CFD67A6B27D8FB22001B2276 /* Build configuration list for PBXNativeTarget "Cookcademy" */ = {
			isa = XCConfigurationList;
			buildConfigurations = (
				CFD67A6C27D8FB22001B2276 /* Debug */,
				CFD67A6D27D8FB22001B2276 /* Release */,
			);
			defaultConfigurationIsVisible = 0;
			defaultConfigurationName = Release;
		};
/* End XCConfigurationList section */
	};
	rootObject = CFD67A5427D8FB22001B2276 /* Project object */;
}
